# Generated by buf. DO NOT EDIT.
version: v1
deps:
  - remote: buf.build
    owner: envoyproxy
    repository: protoc-gen-validate
    commit: daf171c6cdb54629b5f51e345a79e4dd
    digest: shake256:4ae167d7eed10da5f83a3f5df8c670d249170f11b1f2fd19afda06be2cff4d47dcc95e9e4a15151ecc8ce2d3d3614caf9a04d3ad82fb768a3870dedfa9455f36
  - remote: buf.build
    owner: googleapis
    repository: googleapis
    commit: 546238c53f7340c6a2a6099fb863bc1b
    digest: shake256:8d75c12f391e392b24c076d05117b47aeddb090add99c70247a8f4389b906a65f61a933c68e54ed8b73a050b967b6b712ba194348b67c3ab3ee26cc2cb25852c
  - remote: buf.build
    owner: grpc-ecosystem
    repository: grpc-gateway
    commit: b661eb9bddab46c7bdbad4c73161bb11
    digest: shake256:67b115260e12cb2d6c5d5ce8dbbf3a095c86f0e52b84f9dbd16dec9433b218f8694bc9aadb1d45eb6fd52f5a7029977d460e2d58afb3208ab6c680e7b21c80e4
  - remote: buf.build
    owner: linka-cloud
    repository: protopatch
    commit: b5f63439229a460e92dfb918d306f5bf
    digest: shake256:0f1f2c17b9aa0dac9361a61df40ca2690f729a2fc4dbdf11bad15ea179413f32974348e882730f265d1ac9b5293e2be9b5c700e8fb2bd593d9ded5bec1202618
  - remote: buf.build
    owner: openfga
    repository: api
    commit: 917f5c2295c54c25b39fabcf4580f514
    digest: shake256:2e07912f77eb3e35a10dcb61248bd73aefbec23e942e2c98c393a7d8cc49216ae994b3b46db44fde9cf0b6d9d6b50d55c34febe228912aa91e79f4e51b759c1b
