# Generated by buf. DO NOT EDIT.
version: v1
deps:
  - remote: buf.build
    owner: envoyproxy
    repository: protoc-gen-validate
<<<<<<< Updated upstream
    commit: 89818263b32b46d39c9ecb5984bd2850
    digest: shake256:8f3653779e824957a4fe3d18cdb73531f7f7ed1393848082dfe1f90026fd187da9534e759b5833f4e5487be0d34cfa7d4ff149af9a2694863773387d61d09fce
  - remote: buf.build
    owner: googleapis
    repository: googleapis
    commit: f0e53af8f2fc4556b94f482688b57223
    digest: shake256:de26a277fc28b8b411ecf58729d78d32fcf15090ffd998a4469225b17889bfb51442eaab04bb7a8d88d203ecdf0a9febd4ffd52c18ed1c2229160c7bd353ca95
=======
    commit: daf171c6cdb54629b5f51e345a79e4dd
    digest: shake256:4ae167d7eed10da5f83a3f5df8c670d249170f11b1f2fd19afda06be2cff4d47dcc95e9e4a15151ecc8ce2d3d3614caf9a04d3ad82fb768a3870dedfa9455f36
  - remote: buf.build
    owner: googleapis
    repository: googleapis
    commit: 8bc2c51e08c447cd8886cdea48a73e14
    digest: shake256:a969155953a5cedc5b2df5b42c368f2bc66ff8ce1804bc96e0f14ff2ee8a893687963058909df844d1643cdbc98ff099d2daa6bc9f9f5b8886c49afdc60e19af
>>>>>>> Stashed changes
  - remote: buf.build
    owner: grpc-ecosystem
    repository: grpc-gateway
    commit: b661eb9bddab46c7bdbad4c73161bb11
    digest: shake256:67b115260e12cb2d6c5d5ce8dbbf3a095c86f0e52b84f9dbd16dec9433b218f8694bc9aadb1d45eb6fd52f5a7029977d460e2d58afb3208ab6c680e7b21c80e4
  - remote: buf.build
    owner: openfga
    repository: api
<<<<<<< Updated upstream
    commit: 69598124fc104284b3c84f8c025441e0
    digest: shake256:4bf13b8f8fedb481de31594be6894b88ba87819a154a834e6aa73844dc6ce2f2138777b32763bae95741ff63803e9cfe1638b874c9df2abd000e2d8ef5758d70
=======
    commit: daf8c836ccc9400ea9f4eab93593fab7
    digest: shake256:8d4adaf386f7fa98cd15681bdc5edf4685853b45e72ac9637e51bb703d862d5983d55e324b0e4c1f8071b184557c03c7c47253af2065afb08cff9c26338dbf93
>>>>>>> Stashed changes
